# THIS IS AN AUTOGENERATED FILE. DO NOT EDIT THIS FILE DIRECTLY.
# yarn lockfile v1


fsevents@2.3.2:
  version "2.3.2"
  resolved "https://registry.yarnpkg.com/fsevents/-/fsevents-2.3.2.tgz#8a526f78b8fdf4623b709e0b975c52c24c02fd1a"
  integrity sha512-xiqMQR4xAeHTuB9uWm+fFRcIOgKBMiOBP+eXiyT7jsgVCq1bkVygt00oASowB7EdtpOHaaPgKt812P9ab+DDKA==

nodemailer@^6.8.0:
  version "6.8.0"
  resolved "https://registry.yarnpkg.com/nodemailer/-/nodemailer-6.8.0.tgz#804bcc5256ee5523bc914506ee59f8de8f0b1cd5"
  integrity sha512-EjYvSmHzekz6VNkNd12aUqAco+bOkRe3Of5jVhltqKhEsjw/y0PYPJfp83+s9Wzh1dspYAkUW/YNQ350NATbSQ==

playwright-core@1.39.0:
  version "1.39.0"
  resolved "https://registry.yarnpkg.com/playwright-core/-/playwright-core-1.39.0.tgz#efeaea754af4fb170d11845b8da30b2323287c63"
  integrity sha512-+k4pdZgs1qiM+OUkSjx96YiKsXsmb59evFoqv8SKO067qBA+Z2s/dCzJij/ZhdQcs2zlTAgRKfeiiLm8PQ2qvw==

playwright@^1.39.0:
  version "1.39.0"
  resolved "https://registry.yarnpkg.com/playwright/-/playwright-1.39.0.tgz#184c81cd6478f8da28bcd9e60e94fcebf566e077"
  integrity sha512-naE5QT11uC/Oiq0BwZ50gDmy8c8WLPRTEWuSSFVG2egBka/1qMoSqYQcROMT9zLwJ86oPofcTH2jBY/5wWOgIw==
  dependencies:
    playwright-core "1.39.0"
  optionalDependencies:
    fsevents "2.3.2"
