# THIS IS AN AUTOGENERATED FILE. DO NOT EDIT THIS FILE DIRECTLY.
# yarn lockfile v1


nodemailer@^6.8.0:
  version "6.8.0"
  resolved "https://registry.yarnpkg.com/nodemailer/-/nodemailer-6.8.0.tgz#804bcc5256ee5523bc914506ee59f8de8f0b1cd5"
  integrity sha512-EjYvSmHzekz6VNkNd12aUqAco+bOkRe3Of5jVhltqKhEsjw/y0PYPJfp83+s9Wzh1dspYAkUW/YNQ350NATbSQ==

playwright-core@1.28.1:
  version "1.28.1"
  resolved "https://registry.yarnpkg.com/playwright-core/-/playwright-core-1.28.1.tgz#8400be9f4a8d1c0489abdb9e75a4cc0ffc3c00cb"
  integrity sha512-3PixLnGPno0E8rSBJjtwqTwJe3Yw72QwBBBxNoukIj3lEeBNXwbNiKrNuB1oyQgTBw5QHUhNO3SteEtHaMK6ag==

playwright@^1.28.1:
  version "1.28.1"
  resolved "https://registry.yarnpkg.com/playwright/-/playwright-1.28.1.tgz#f23247f1de466ff73d7230d94df96271e5da6583"
  integrity sha512-92Sz6XBlfHlb9tK5UCDzIFAuIkHHpemA9zwUaqvo+w7sFMSmVMGmvKcbptof/eJObq63PGnMhM75x7qxhTR78Q==
  dependencies:
    playwright-core "1.28.1"
